# This is a Gradle generated file for dependency locking.
# Manual edits can break the build and are not advised.
# This file is expected to be part of source control.
androidx.annotation:annotation-js:1.9.1=jsCompileClasspath,jsRuntimeClasspath,jsTestCompileClasspath,jsTestRuntimeClasspath
androidx.annotation:annotation:1.9.1=allSourceSetsCompileDependenciesMetadata,allTestSourceSetsCompileDependenciesMetadata,commonTestResolvableDependenciesMetadata,jsCompileClasspath,jsMainResolvableDependenciesMetadata,jsRuntimeClasspath,jsTestCompileClasspath,jsTestResolvableDependenciesMetadata,jsTestRuntimeClasspath,webTestResolvableDependenciesMetadata
androidx.arch.core:core-common:2.2.0=allSourceSetsCompileDependenciesMetadata,allTestSourceSetsCompileDependenciesMetadata,commonTestResolvableDependenciesMetadata,jsMainResolvableDependenciesMetadata,jsTestResolvableDependenciesMetadata,webTestResolvableDependenciesMetadata
androidx.collection:collection-js:1.5.0=jsRuntimeClasspath,jsTestRuntimeClasspath
androidx.collection:collection:1.5.0=allSourceSetsCompileDependenciesMetadata,allTestSourceSetsCompileDependenciesMetadata,commonTestResolvableDependenciesMetadata,jsMainResolvableDependenciesMetadata,jsRuntimeClasspath,jsTestResolvableDependenciesMetadata,jsTestRuntimeClasspath,webTestResolvableDependenciesMetadata
androidx.compose.runtime:runtime-annotation-js:1.9.4=jsCompileClasspath,jsRuntimeClasspath,jsTestCompileClasspath,jsTestRuntimeClasspath
androidx.compose.runtime:runtime-annotation:1.9.4=allSourceSetsCompileDependenciesMetadata,allTestSourceSetsCompileDependenciesMetadata,commonTestResolvableDependenciesMetadata,jsCompileClasspath,jsMainResolvableDependenciesMetadata,jsRuntimeClasspath,jsTestCompileClasspath,jsTestResolvableDependenciesMetadata,jsTestRuntimeClasspath,webTestResolvableDependenciesMetadata
androidx.compose.runtime:runtime-js:1.9.4=jsCompileClasspath,jsRuntimeClasspath,jsTestCompileClasspath,jsTestRuntimeClasspath
androidx.compose.runtime:runtime-saveable-js:1.9.4=jsCompileClasspath,jsRuntimeClasspath,jsTestCompileClasspath,jsTestRuntimeClasspath
androidx.compose.runtime:runtime-saveable:1.9.4=allSourceSetsCompileDependenciesMetadata,allTestSourceSetsCompileDependenciesMetadata,commonTestResolvableDependenciesMetadata,jsCompileClasspath,jsMainResolvableDependenciesMetadata,jsRuntimeClasspath,jsTestCompileClasspath,jsTestResolvableDependenciesMetadata,jsTestRuntimeClasspath,webTestResolvableDependenciesMetadata
androidx.compose.runtime:runtime:1.9.4=allSourceSetsCompileDependenciesMetadata,allTestSourceSetsCompileDependenciesMetadata,commonTestResolvableDependenciesMetadata,jsCompileClasspath,jsMainResolvableDependenciesMetadata,jsRuntimeClasspath,jsTestCompileClasspath,jsTestResolvableDependenciesMetadata,jsTestRuntimeClasspath,webTestResolvableDependenciesMetadata
androidx.lifecycle:lifecycle-common-js:2.9.4=jsCompileClasspath,jsRuntimeClasspath,jsTestCompileClasspath,jsTestRuntimeClasspath
androidx.lifecycle:lifecycle-common:2.9.4=allSourceSetsCompileDependenciesMetadata,allTestSourceSetsCompileDependenciesMetadata,commonTestResolvableDependenciesMetadata,jsCompileClasspath,jsMainResolvableDependenciesMetadata,jsRuntimeClasspath,jsTestCompileClasspath,jsTestResolvableDependenciesMetadata,jsTestRuntimeClasspath,webTestResolvableDependenciesMetadata
androidx.lifecycle:lifecycle-runtime-compose-js:2.9.4=jsRuntimeClasspath,jsTestRuntimeClasspath
androidx.lifecycle:lifecycle-runtime-compose:2.9.4=allSourceSetsCompileDependenciesMetadata,allTestSourceSetsCompileDependenciesMetadata,commonTestResolvableDependenciesMetadata,jsMainResolvableDependenciesMetadata,jsRuntimeClasspath,jsTestResolvableDependenciesMetadata,jsTestRuntimeClasspath,webTestResolvableDependenciesMetadata
androidx.lifecycle:lifecycle-runtime-js:2.9.4=jsRuntimeClasspath,jsTestRuntimeClasspath
androidx.lifecycle:lifecycle-runtime:2.9.4=allSourceSetsCompileDependenciesMetadata,allTestSourceSetsCompileDependenciesMetadata,commonTestResolvableDependenciesMetadata,jsMainResolvableDependenciesMetadata,jsRuntimeClasspath,jsTestResolvableDependenciesMetadata,jsTestRuntimeClasspath,webTestResolvableDependenciesMetadata
androidx.lifecycle:lifecycle-viewmodel-js:2.9.4=jsRuntimeClasspath,jsTestRuntimeClasspath
androidx.lifecycle:lifecycle-viewmodel-savedstate-js:2.9.4=jsRuntimeClasspath,jsTestRuntimeClasspath
androidx.lifecycle:lifecycle-viewmodel-savedstate:2.9.4=allSourceSetsCompileDependenciesMetadata,allTestSourceSetsCompileDependenciesMetadata,commonTestResolvableDependenciesMetadata,jsMainResolvableDependenciesMetadata,jsRuntimeClasspath,jsTestResolvableDependenciesMetadata,jsTestRuntimeClasspath,webTestResolvableDependenciesMetadata
androidx.lifecycle:lifecycle-viewmodel:2.9.4=allSourceSetsCompileDependenciesMetadata,allTestSourceSetsCompileDependenciesMetadata,commonTestResolvableDependenciesMetadata,jsMainResolvableDependenciesMetadata,jsRuntimeClasspath,jsTestResolvableDependenciesMetadata,jsTestRuntimeClasspath,webTestResolvableDependenciesMetadata
androidx.savedstate:savedstate-compose-js:1.3.3=jsCompileClasspath,jsRuntimeClasspath,jsTestCompileClasspath,jsTestRuntimeClasspath
androidx.savedstate:savedstate-compose:1.3.3=allSourceSetsCompileDependenciesMetadata,allTestSourceSetsCompileDependenciesMetadata,commonTestResolvableDependenciesMetadata,jsCompileClasspath,jsMainResolvableDependenciesMetadata,jsRuntimeClasspath,jsTestCompileClasspath,jsTestResolvableDependenciesMetadata,jsTestRuntimeClasspath,webTestResolvableDependenciesMetadata
androidx.savedstate:savedstate-js:1.3.3=jsCompileClasspath,jsRuntimeClasspath,jsTestCompileClasspath,jsTestRuntimeClasspath
androidx.savedstate:savedstate:1.3.3=allSourceSetsCompileDependenciesMetadata,allTestSourceSetsCompileDependenciesMetadata,commonTestResolvableDependenciesMetadata,jsCompileClasspath,jsMainResolvableDependenciesMetadata,jsRuntimeClasspath,jsTestCompileClasspath,jsTestResolvableDependenciesMetadata,jsTestRuntimeClasspath,webTestResolvableDependenciesMetadata
co.touchlab:kermit-core-js:2.0.8=jsCompileClasspath,jsRuntimeClasspath,jsTestCompileClasspath,jsTestRuntimeClasspath
co.touchlab:kermit-core:2.0.8=allSourceSetsCompileDependenciesMetadata,allTestSourceSetsCompileDependenciesMetadata,commonTestResolvableDependenciesMetadata,jsCompileClasspath,jsMainResolvableDependenciesMetadata,jsRuntimeClasspath,jsTestCompileClasspath,jsTestResolvableDependenciesMetadata,jsTestRuntimeClasspath,webTestResolvableDependenciesMetadata
co.touchlab:kermit-js:2.0.8=jsCompileClasspath,jsRuntimeClasspath,jsTestCompileClasspath,jsTestRuntimeClasspath
co.touchlab:kermit:2.0.8=allSourceSetsCompileDependenciesMetadata,allTestSourceSetsCompileDependenciesMetadata,commonTestResolvableDependenciesMetadata,jsCompileClasspath,jsMainResolvableDependenciesMetadata,jsRuntimeClasspath,jsTestCompileClasspath,jsTestResolvableDependenciesMetadata,jsTestRuntimeClasspath,webTestResolvableDependenciesMetadata
co.touchlab:stately-concurrency-js:2.1.0=jsRuntimeClasspath,jsTestRuntimeClasspath
co.touchlab:stately-concurrency:2.1.0=allSourceSetsCompileDependenciesMetadata,allTestSourceSetsCompileDependenciesMetadata,commonTestResolvableDependenciesMetadata,jsMainResolvableDependenciesMetadata,jsRuntimeClasspath,jsTestResolvableDependenciesMetadata,jsTestRuntimeClasspath,webTestResolvableDependenciesMetadata
co.touchlab:stately-concurrent-collections-js:2.1.0=jsRuntimeClasspath,jsTestRuntimeClasspath
co.touchlab:stately-concurrent-collections:2.1.0=allSourceSetsCompileDependenciesMetadata,allTestSourceSetsCompileDependenciesMetadata,commonTestResolvableDependenciesMetadata,jsMainResolvableDependenciesMetadata,jsRuntimeClasspath,jsTestResolvableDependenciesMetadata,jsTestRuntimeClasspath,webTestResolvableDependenciesMetadata
co.touchlab:stately-strict-js:2.1.0=jsRuntimeClasspath,jsTestRuntimeClasspath
co.touchlab:stately-strict:2.1.0=allSourceSetsCompileDependenciesMetadata,allTestSourceSetsCompileDependenciesMetadata,commonTestResolvableDependenciesMetadata,jsMainResolvableDependenciesMetadata,jsRuntimeClasspath,jsTestResolvableDependenciesMetadata,jsTestRuntimeClasspath,webTestResolvableDependenciesMetadata
com.russhwolf:multiplatform-settings-coroutines-js:1.3.0=jsCompileClasspath,jsRuntimeClasspath,jsTestCompileClasspath,jsTestRuntimeClasspath
com.russhwolf:multiplatform-settings-coroutines:1.3.0=allSourceSetsCompileDependenciesMetadata,allTestSourceSetsCompileDependenciesMetadata,commonTestResolvableDependenciesMetadata,jsCompileClasspath,jsMainResolvableDependenciesMetadata,jsRuntimeClasspath,jsTestCompileClasspath,jsTestResolvableDependenciesMetadata,jsTestRuntimeClasspath,webTestResolvableDependenciesMetadata
com.russhwolf:multiplatform-settings-js:1.3.0=jsCompileClasspath,jsRuntimeClasspath,jsTestCompileClasspath,jsTestRuntimeClasspath
com.russhwolf:multiplatform-settings-no-arg-js:1.3.0=jsCompileClasspath,jsRuntimeClasspath,jsTestCompileClasspath,jsTestRuntimeClasspath
com.russhwolf:multiplatform-settings-no-arg:1.3.0=allSourceSetsCompileDependenciesMetadata,allTestSourceSetsCompileDependenciesMetadata,commonTestResolvableDependenciesMetadata,jsCompileClasspath,jsMainResolvableDependenciesMetadata,jsRuntimeClasspath,jsTestCompileClasspath,jsTestResolvableDependenciesMetadata,jsTestRuntimeClasspath,webTestResolvableDependenciesMetadata
com.russhwolf:multiplatform-settings:1.3.0=allSourceSetsCompileDependenciesMetadata,allTestSourceSetsCompileDependenciesMetadata,commonTestResolvableDependenciesMetadata,jsCompileClasspath,jsMainResolvableDependenciesMetadata,jsRuntimeClasspath,jsTestCompileClasspath,jsTestResolvableDependenciesMetadata,jsTestRuntimeClasspath,webTestResolvableDependenciesMetadata
com.squareup.okio:okio-js:3.16.4=jsCompileClasspath,jsRuntimeClasspath,jsTestCompileClasspath,jsTestRuntimeClasspath
com.squareup.okio:okio:3.16.4=allSourceSetsCompileDependenciesMetadata,allTestSourceSetsCompileDependenciesMetadata,commonTestResolvableDependenciesMetadata,jsCompileClasspath,jsMainResolvableDependenciesMetadata,jsRuntimeClasspath,jsTestCompileClasspath,jsTestResolvableDependenciesMetadata,jsTestRuntimeClasspath,webTestResolvableDependenciesMetadata
io.github.java-diff-utils:java-diff-utils:4.12=kotlinInternalAbiValidation
io.insert-koin:koin-core-js:4.1.1=jsCompileClasspath,jsRuntimeClasspath,jsTestCompileClasspath,jsTestRuntimeClasspath
io.insert-koin:koin-core:4.1.1=allSourceSetsCompileDependenciesMetadata,allTestSourceSetsCompileDependenciesMetadata,commonTestResolvableDependenciesMetadata,jsCompileClasspath,jsMainResolvableDependenciesMetadata,jsRuntimeClasspath,jsTestCompileClasspath,jsTestResolvableDependenciesMetadata,jsTestRuntimeClasspath,webTestResolvableDependenciesMetadata
io.ktor:ktor-client-cio:3.3.3=allSourceSetsCompileDependenciesMetadata,allTestSourceSetsCompileDependenciesMetadata,commonTestResolvableDependenciesMetadata,jsMainResolvableDependenciesMetadata,jsTestResolvableDependenciesMetadata,webTestResolvableDependenciesMetadata
io.ktor:ktor-client-content-negotiation-js:3.3.3=jsCompileClasspath,jsRuntimeClasspath,jsTestCompileClasspath,jsTestRuntimeClasspath
io.ktor:ktor-client-content-negotiation:3.3.3=allSourceSetsCompileDependenciesMetadata,allTestSourceSetsCompileDependenciesMetadata,commonTestResolvableDependenciesMetadata,jsCompileClasspath,jsMainResolvableDependenciesMetadata,jsRuntimeClasspath,jsTestCompileClasspath,jsTestResolvableDependenciesMetadata,jsTestRuntimeClasspath,webTestResolvableDependenciesMetadata
io.ktor:ktor-client-core-js:3.3.3=jsCompileClasspath,jsRuntimeClasspath,jsTestCompileClasspath,jsTestRuntimeClasspath
io.ktor:ktor-client-core:3.3.3=allSourceSetsCompileDependenciesMetadata,allTestSourceSetsCompileDependenciesMetadata,commonTestResolvableDependenciesMetadata,jsCompileClasspath,jsMainResolvableDependenciesMetadata,jsRuntimeClasspath,jsTestCompileClasspath,jsTestResolvableDependenciesMetadata,jsTestRuntimeClasspath,webTestResolvableDependenciesMetadata
io.ktor:ktor-client-js-js:3.3.3=jsCompileClasspath,jsRuntimeClasspath,jsTestCompileClasspath,jsTestRuntimeClasspath
io.ktor:ktor-client-js:3.3.3=jsCompileClasspath,jsRuntimeClasspath,jsTestCompileClasspath,jsTestRuntimeClasspath
io.ktor:ktor-events-js:3.3.3=jsCompileClasspath,jsRuntimeClasspath,jsTestCompileClasspath,jsTestRuntimeClasspath
io.ktor:ktor-events:3.3.3=allSourceSetsCompileDependenciesMetadata,allTestSourceSetsCompileDependenciesMetadata,commonTestResolvableDependenciesMetadata,jsCompileClasspath,jsMainResolvableDependenciesMetadata,jsRuntimeClasspath,jsTestCompileClasspath,jsTestResolvableDependenciesMetadata,jsTestRuntimeClasspath,webTestResolvableDependenciesMetadata
io.ktor:ktor-http-cio-js:3.3.3=jsCompileClasspath,jsRuntimeClasspath,jsTestCompileClasspath,jsTestRuntimeClasspath
io.ktor:ktor-http-cio:3.3.3=allSourceSetsCompileDependenciesMetadata,allTestSourceSetsCompileDependenciesMetadata,commonTestResolvableDependenciesMetadata,jsCompileClasspath,jsMainResolvableDependenciesMetadata,jsRuntimeClasspath,jsTestCompileClasspath,jsTestResolvableDependenciesMetadata,jsTestRuntimeClasspath,webTestResolvableDependenciesMetadata
io.ktor:ktor-http-js:3.3.3=jsCompileClasspath,jsRuntimeClasspath,jsTestCompileClasspath,jsTestRuntimeClasspath
io.ktor:ktor-http:3.3.3=allSourceSetsCompileDependenciesMetadata,allTestSourceSetsCompileDependenciesMetadata,commonTestResolvableDependenciesMetadata,jsCompileClasspath,jsMainResolvableDependenciesMetadata,jsRuntimeClasspath,jsTestCompileClasspath,jsTestResolvableDependenciesMetadata,jsTestRuntimeClasspath,webTestResolvableDependenciesMetadata
io.ktor:ktor-io-js:3.3.3=jsCompileClasspath,jsRuntimeClasspath,jsTestCompileClasspath,jsTestRuntimeClasspath
io.ktor:ktor-io:3.3.3=allSourceSetsCompileDependenciesMetadata,allTestSourceSetsCompileDependenciesMetadata,commonTestResolvableDependenciesMetadata,jsCompileClasspath,jsMainResolvableDependenciesMetadata,jsRuntimeClasspath,jsTestCompileClasspath,jsTestResolvableDependenciesMetadata,jsTestRuntimeClasspath,webTestResolvableDependenciesMetadata
io.ktor:ktor-network-tls:3.3.3=allSourceSetsCompileDependenciesMetadata,allTestSourceSetsCompileDependenciesMetadata,commonTestResolvableDependenciesMetadata,jsMainResolvableDependenciesMetadata,jsTestResolvableDependenciesMetadata,webTestResolvableDependenciesMetadata
io.ktor:ktor-network:3.3.3=allSourceSetsCompileDependenciesMetadata,allTestSourceSetsCompileDependenciesMetadata,commonTestResolvableDependenciesMetadata,jsMainResolvableDependenciesMetadata,jsTestResolvableDependenciesMetadata,webTestResolvableDependenciesMetadata
io.ktor:ktor-serialization-js:3.3.3=jsCompileClasspath,jsRuntimeClasspath,jsTestCompileClasspath,jsTestRuntimeClasspath
io.ktor:ktor-serialization-kotlinx-js:3.3.3=jsCompileClasspath,jsRuntimeClasspath,jsTestCompileClasspath,jsTestRuntimeClasspath
io.ktor:ktor-serialization-kotlinx-json-js:3.3.3=jsCompileClasspath,jsRuntimeClasspath,jsTestCompileClasspath,jsTestRuntimeClasspath
io.ktor:ktor-serialization-kotlinx-json:3.3.3=allSourceSetsCompileDependenciesMetadata,allTestSourceSetsCompileDependenciesMetadata,commonTestResolvableDependenciesMetadata,jsCompileClasspath,jsMainResolvableDependenciesMetadata,jsRuntimeClasspath,jsTestCompileClasspath,jsTestResolvableDependenciesMetadata,jsTestRuntimeClasspath,webTestResolvableDependenciesMetadata
io.ktor:ktor-serialization-kotlinx:3.3.3=allSourceSetsCompileDependenciesMetadata,allTestSourceSetsCompileDependenciesMetadata,commonTestResolvableDependenciesMetadata,jsCompileClasspath,jsMainResolvableDependenciesMetadata,jsRuntimeClasspath,jsTestCompileClasspath,jsTestResolvableDependenciesMetadata,jsTestRuntimeClasspath,webTestResolvableDependenciesMetadata
io.ktor:ktor-serialization:3.3.3=allSourceSetsCompileDependenciesMetadata,allTestSourceSetsCompileDependenciesMetadata,commonTestResolvableDependenciesMetadata,jsCompileClasspath,jsMainResolvableDependenciesMetadata,jsRuntimeClasspath,jsTestCompileClasspath,jsTestResolvableDependenciesMetadata,jsTestRuntimeClasspath,webTestResolvableDependenciesMetadata
io.ktor:ktor-server-cio:3.3.3=allSourceSetsCompileDependenciesMetadata,allTestSourceSetsCompileDependenciesMetadata,commonTestResolvableDependenciesMetadata,jsMainResolvableDependenciesMetadata,jsTestResolvableDependenciesMetadata,webTestResolvableDependenciesMetadata
io.ktor:ktor-server-core:3.3.3=allSourceSetsCompileDependenciesMetadata,allTestSourceSetsCompileDependenciesMetadata,commonTestResolvableDependenciesMetadata,jsMainResolvableDependenciesMetadata,jsTestResolvableDependenciesMetadata,webTestResolvableDependenciesMetadata
io.ktor:ktor-sse-js:3.3.3=jsCompileClasspath,jsRuntimeClasspath,jsTestCompileClasspath,jsTestRuntimeClasspath
io.ktor:ktor-sse:3.3.3=allSourceSetsCompileDependenciesMetadata,allTestSourceSetsCompileDependenciesMetadata,commonTestResolvableDependenciesMetadata,jsCompileClasspath,jsMainResolvableDependenciesMetadata,jsRuntimeClasspath,jsTestCompileClasspath,jsTestResolvableDependenciesMetadata,jsTestRuntimeClasspath,webTestResolvableDependenciesMetadata
io.ktor:ktor-utils-js:3.3.3=jsCompileClasspath,jsRuntimeClasspath,jsTestCompileClasspath,jsTestRuntimeClasspath
io.ktor:ktor-utils:3.3.3=allSourceSetsCompileDependenciesMetadata,allTestSourceSetsCompileDependenciesMetadata,commonTestResolvableDependenciesMetadata,jsCompileClasspath,jsMainResolvableDependenciesMetadata,jsRuntimeClasspath,jsTestCompileClasspath,jsTestResolvableDependenciesMetadata,jsTestRuntimeClasspath,webTestResolvableDependenciesMetadata
io.ktor:ktor-websocket-serialization-js:3.3.3=jsCompileClasspath,jsRuntimeClasspath,jsTestCompileClasspath,jsTestRuntimeClasspath
io.ktor:ktor-websocket-serialization:3.3.3=allSourceSetsCompileDependenciesMetadata,allTestSourceSetsCompileDependenciesMetadata,commonTestResolvableDependenciesMetadata,jsCompileClasspath,jsMainResolvableDependenciesMetadata,jsRuntimeClasspath,jsTestCompileClasspath,jsTestResolvableDependenciesMetadata,jsTestRuntimeClasspath,webTestResolvableDependenciesMetadata
io.ktor:ktor-websockets-js:3.3.3=jsCompileClasspath,jsRuntimeClasspath,jsTestCompileClasspath,jsTestRuntimeClasspath
io.ktor:ktor-websockets:3.3.3=allSourceSetsCompileDependenciesMetadata,allTestSourceSetsCompileDependenciesMetadata,commonTestResolvableDependenciesMetadata,jsCompileClasspath,jsMainResolvableDependenciesMetadata,jsRuntimeClasspath,jsTestCompileClasspath,jsTestResolvableDependenciesMetadata,jsTestRuntimeClasspath,webTestResolvableDependenciesMetadata
org.jetbrains.androidx.lifecycle:lifecycle-common-js:2.9.6=jsCompileClasspath,jsRuntimeClasspath,jsTestCompileClasspath,jsTestRuntimeClasspath
org.jetbrains.androidx.lifecycle:lifecycle-common:2.9.6=allSourceSetsCompileDependenciesMetadata,allTestSourceSetsCompileDependenciesMetadata,commonTestResolvableDependenciesMetadata,jsCompileClasspath,jsMainResolvableDependenciesMetadata,jsRuntimeClasspath,jsTestCompileClasspath,jsTestResolvableDependenciesMetadata,jsTestRuntimeClasspath,webTestResolvableDependenciesMetadata
org.jetbrains.androidx.lifecycle:lifecycle-runtime-compose-js:2.9.6=jsRuntimeClasspath,jsTestRuntimeClasspath
org.jetbrains.androidx.lifecycle:lifecycle-runtime-compose:2.9.6=allSourceSetsCompileDependenciesMetadata,allTestSourceSetsCompileDependenciesMetadata,commonTestResolvableDependenciesMetadata,jsMainResolvableDependenciesMetadata,jsRuntimeClasspath,jsTestResolvableDependenciesMetadata,jsTestRuntimeClasspath,webTestResolvableDependenciesMetadata
org.jetbrains.androidx.lifecycle:lifecycle-runtime-js:2.9.6=jsRuntimeClasspath,jsTestRuntimeClasspath
org.jetbrains.androidx.lifecycle:lifecycle-runtime:2.9.6=allSourceSetsCompileDependenciesMetadata,allTestSourceSetsCompileDependenciesMetadata,commonTestResolvableDependenciesMetadata,jsMainResolvableDependenciesMetadata,jsRuntimeClasspath,jsTestResolvableDependenciesMetadata,jsTestRuntimeClasspath,webTestResolvableDependenciesMetadata
org.jetbrains.androidx.lifecycle:lifecycle-viewmodel-js:2.9.6=jsRuntimeClasspath,jsTestRuntimeClasspath
org.jetbrains.androidx.lifecycle:lifecycle-viewmodel-savedstate-js:2.9.6=jsRuntimeClasspath,jsTestRuntimeClasspath
org.jetbrains.androidx.lifecycle:lifecycle-viewmodel-savedstate:2.9.6=allSourceSetsCompileDependenciesMetadata,allTestSourceSetsCompileDependenciesMetadata,commonTestResolvableDependenciesMetadata,jsMainResolvableDependenciesMetadata,jsRuntimeClasspath,jsTestResolvableDependenciesMetadata,jsTestRuntimeClasspath,webTestResolvableDependenciesMetadata
org.jetbrains.androidx.lifecycle:lifecycle-viewmodel:2.9.6=allSourceSetsCompileDependenciesMetadata,allTestSourceSetsCompileDependenciesMetadata,commonTestResolvableDependenciesMetadata,jsMainResolvableDependenciesMetadata,jsRuntimeClasspath,jsTestResolvableDependenciesMetadata,jsTestRuntimeClasspath,webTestResolvableDependenciesMetadata
org.jetbrains.androidx.savedstate:savedstate-compose-js:1.3.6=jsCompileClasspath,jsRuntimeClasspath,jsTestCompileClasspath,jsTestRuntimeClasspath
org.jetbrains.androidx.savedstate:savedstate-compose:1.3.6=allSourceSetsCompileDependenciesMetadata,allTestSourceSetsCompileDependenciesMetadata,commonTestResolvableDependenciesMetadata,jsCompileClasspath,jsMainResolvableDependenciesMetadata,jsRuntimeClasspath,jsTestCompileClasspath,jsTestResolvableDependenciesMetadata,jsTestRuntimeClasspath,webTestResolvableDependenciesMetadata
org.jetbrains.androidx.savedstate:savedstate-js:1.3.6=jsCompileClasspath,jsRuntimeClasspath,jsTestCompileClasspath,jsTestRuntimeClasspath
org.jetbrains.androidx.savedstate:savedstate:1.3.6=allSourceSetsCompileDependenciesMetadata,allTestSourceSetsCompileDependenciesMetadata,commonTestResolvableDependenciesMetadata,jsCompileClasspath,jsMainResolvableDependenciesMetadata,jsRuntimeClasspath,jsTestCompileClasspath,jsTestResolvableDependenciesMetadata,jsTestRuntimeClasspath,webTestResolvableDependenciesMetadata
org.jetbrains.compose.animation:animation-core-js:1.9.3=jsCompileClasspath,jsRuntimeClasspath,jsTestCompileClasspath,jsTestRuntimeClasspath
org.jetbrains.compose.animation:animation-core:1.9.3=allSourceSetsCompileDependenciesMetadata,allTestSourceSetsCompileDependenciesMetadata,commonTestResolvableDependenciesMetadata,jsCompileClasspath,jsMainResolvableDependenciesMetadata,jsRuntimeClasspath,jsTestCompileClasspath,jsTestResolvableDependenciesMetadata,jsTestRuntimeClasspath,webTestResolvableDependenciesMetadata
org.jetbrains.compose.animation:animation-js:1.9.3=jsCompileClasspath,jsRuntimeClasspath,jsTestCompileClasspath,jsTestRuntimeClasspath
org.jetbrains.compose.animation:animation:1.9.3=allSourceSetsCompileDependenciesMetadata,allTestSourceSetsCompileDependenciesMetadata,commonTestResolvableDependenciesMetadata,jsCompileClasspath,jsMainResolvableDependenciesMetadata,jsRuntimeClasspath,jsTestCompileClasspath,jsTestResolvableDependenciesMetadata,jsTestRuntimeClasspath,webTestResolvableDependenciesMetadata
org.jetbrains.compose.annotation-internal:annotation-js:1.9.3=jsRuntimeClasspath,jsTestRuntimeClasspath
org.jetbrains.compose.annotation-internal:annotation:1.9.3=allSourceSetsCompileDependenciesMetadata,allTestSourceSetsCompileDependenciesMetadata,commonTestResolvableDependenciesMetadata,jsMainResolvableDependenciesMetadata,jsRuntimeClasspath,jsTestResolvableDependenciesMetadata,jsTestRuntimeClasspath,webTestResolvableDependenciesMetadata
org.jetbrains.compose.collection-internal:collection-js:1.9.3=jsRuntimeClasspath,jsTestRuntimeClasspath
org.jetbrains.compose.collection-internal:collection:1.9.3=allSourceSetsCompileDependenciesMetadata,allTestSourceSetsCompileDependenciesMetadata,commonTestResolvableDependenciesMetadata,jsMainResolvableDependenciesMetadata,jsRuntimeClasspath,jsTestResolvableDependenciesMetadata,jsTestRuntimeClasspath,webTestResolvableDependenciesMetadata
org.jetbrains.compose.foundation:foundation-js:1.9.3=jsCompileClasspath,jsRuntimeClasspath,jsTestCompileClasspath,jsTestRuntimeClasspath
org.jetbrains.compose.foundation:foundation-layout-js:1.9.3=jsCompileClasspath,jsRuntimeClasspath,jsTestCompileClasspath,jsTestRuntimeClasspath
org.jetbrains.compose.foundation:foundation-layout:1.9.3=allSourceSetsCompileDependenciesMetadata,allTestSourceSetsCompileDependenciesMetadata,commonTestResolvableDependenciesMetadata,jsCompileClasspath,jsMainResolvableDependenciesMetadata,jsRuntimeClasspath,jsTestCompileClasspath,jsTestResolvableDependenciesMetadata,jsTestRuntimeClasspath,webTestResolvableDependenciesMetadata
org.jetbrains.compose.foundation:foundation:1.9.3=allSourceSetsCompileDependenciesMetadata,allTestSourceSetsCompileDependenciesMetadata,commonTestResolvableDependenciesMetadata,jsCompileClasspath,jsMainResolvableDependenciesMetadata,jsRuntimeClasspath,jsTestCompileClasspath,jsTestResolvableDependenciesMetadata,jsTestRuntimeClasspath,webTestResolvableDependenciesMetadata
org.jetbrains.compose.material3:material3-js:1.9.0-beta03=jsCompileClasspath,jsRuntimeClasspath,jsTestCompileClasspath,jsTestRuntimeClasspath
org.jetbrains.compose.material3:material3:1.9.0-beta03=allSourceSetsCompileDependenciesMetadata,allTestSourceSetsCompileDependenciesMetadata,commonTestResolvableDependenciesMetadata,jsCompileClasspath,jsMainResolvableDependenciesMetadata,jsRuntimeClasspath,jsTestCompileClasspath,jsTestResolvableDependenciesMetadata,jsTestRuntimeClasspath,webTestResolvableDependenciesMetadata
org.jetbrains.compose.material:material-icons-core-js:1.7.3=jsCompileClasspath,jsRuntimeClasspath,jsTestCompileClasspath,jsTestRuntimeClasspath
org.jetbrains.compose.material:material-icons-core:1.7.3=allSourceSetsCompileDependenciesMetadata,allTestSourceSetsCompileDependenciesMetadata,commonTestResolvableDependenciesMetadata,jsCompileClasspath,jsMainResolvableDependenciesMetadata,jsRuntimeClasspath,jsTestCompileClasspath,jsTestResolvableDependenciesMetadata,jsTestRuntimeClasspath,webTestResolvableDependenciesMetadata
org.jetbrains.compose.material:material-icons-extended-js:1.7.3=jsCompileClasspath,jsRuntimeClasspath,jsTestCompileClasspath,jsTestRuntimeClasspath
org.jetbrains.compose.material:material-icons-extended:1.7.3=allSourceSetsCompileDependenciesMetadata,allTestSourceSetsCompileDependenciesMetadata,commonTestResolvableDependenciesMetadata,jsCompileClasspath,jsMainResolvableDependenciesMetadata,jsRuntimeClasspath,jsTestCompileClasspath,jsTestResolvableDependenciesMetadata,jsTestRuntimeClasspath,webTestResolvableDependenciesMetadata
org.jetbrains.compose.material:material-ripple-js:1.9.0-beta03=jsCompileClasspath,jsRuntimeClasspath,jsTestCompileClasspath,jsTestRuntimeClasspath
org.jetbrains.compose.material:material-ripple:1.9.0-beta03=allSourceSetsCompileDependenciesMetadata,allTestSourceSetsCompileDependenciesMetadata,commonTestResolvableDependenciesMetadata,jsCompileClasspath,jsMainResolvableDependenciesMetadata,jsRuntimeClasspath,jsTestCompileClasspath,jsTestResolvableDependenciesMetadata,jsTestRuntimeClasspath,webTestResolvableDependenciesMetadata
org.jetbrains.compose.runtime:runtime-js:1.9.3=jsCompileClasspath,jsRuntimeClasspath,jsTestCompileClasspath,jsTestRuntimeClasspath
org.jetbrains.compose.runtime:runtime-saveable-js:1.9.3=jsCompileClasspath,jsRuntimeClasspath,jsTestCompileClasspath,jsTestRuntimeClasspath
org.jetbrains.compose.runtime:runtime-saveable:1.9.3=allSourceSetsCompileDependenciesMetadata,allTestSourceSetsCompileDependenciesMetadata,commonTestResolvableDependenciesMetadata,jsCompileClasspath,jsMainResolvableDependenciesMetadata,jsRuntimeClasspath,jsTestCompileClasspath,jsTestResolvableDependenciesMetadata,jsTestRuntimeClasspath,webTestResolvableDependenciesMetadata
org.jetbrains.compose.runtime:runtime:1.9.3=allSourceSetsCompileDependenciesMetadata,allTestSourceSetsCompileDependenciesMetadata,commonTestResolvableDependenciesMetadata,jsCompileClasspath,jsMainResolvableDependenciesMetadata,jsRuntimeClasspath,jsTestCompileClasspath,jsTestResolvableDependenciesMetadata,jsTestRuntimeClasspath,webTestResolvableDependenciesMetadata
org.jetbrains.compose.ui:ui-backhandler-js:1.9.3=jsRuntimeClasspath,jsTestRuntimeClasspath
org.jetbrains.compose.ui:ui-backhandler:1.9.3=allSourceSetsCompileDependenciesMetadata,allTestSourceSetsCompileDependenciesMetadata,commonTestResolvableDependenciesMetadata,jsMainResolvableDependenciesMetadata,jsRuntimeClasspath,jsTestResolvableDependenciesMetadata,jsTestRuntimeClasspath,webTestResolvableDependenciesMetadata
org.jetbrains.compose.ui:ui-geometry-js:1.9.3=jsCompileClasspath,jsRuntimeClasspath,jsTestCompileClasspath,jsTestRuntimeClasspath
org.jetbrains.compose.ui:ui-geometry:1.9.3=allSourceSetsCompileDependenciesMetadata,allTestSourceSetsCompileDependenciesMetadata,commonTestResolvableDependenciesMetadata,jsCompileClasspath,jsMainResolvableDependenciesMetadata,jsRuntimeClasspath,jsTestCompileClasspath,jsTestResolvableDependenciesMetadata,jsTestRuntimeClasspath,webTestResolvableDependenciesMetadata
org.jetbrains.compose.ui:ui-graphics-js:1.9.3=jsCompileClasspath,jsRuntimeClasspath,jsTestCompileClasspath,jsTestRuntimeClasspath
org.jetbrains.compose.ui:ui-graphics:1.9.3=allSourceSetsCompileDependenciesMetadata,allTestSourceSetsCompileDependenciesMetadata,commonTestResolvableDependenciesMetadata,jsCompileClasspath,jsMainResolvableDependenciesMetadata,jsRuntimeClasspath,jsTestCompileClasspath,jsTestResolvableDependenciesMetadata,jsTestRuntimeClasspath,webTestResolvableDependenciesMetadata
org.jetbrains.compose.ui:ui-js:1.9.3=jsCompileClasspath,jsRuntimeClasspath,jsTestCompileClasspath,jsTestRuntimeClasspath
org.jetbrains.compose.ui:ui-text-js:1.9.3=jsCompileClasspath,jsRuntimeClasspath,jsTestCompileClasspath,jsTestRuntimeClasspath
org.jetbrains.compose.ui:ui-text:1.9.3=allSourceSetsCompileDependenciesMetadata,allTestSourceSetsCompileDependenciesMetadata,commonTestResolvableDependenciesMetadata,jsCompileClasspath,jsMainResolvableDependenciesMetadata,jsRuntimeClasspath,jsTestCompileClasspath,jsTestResolvableDependenciesMetadata,jsTestRuntimeClasspath,webTestResolvableDependenciesMetadata
org.jetbrains.compose.ui:ui-uikit:1.9.3=allSourceSetsCompileDependenciesMetadata,allTestSourceSetsCompileDependenciesMetadata,commonTestResolvableDependenciesMetadata,jsMainResolvableDependenciesMetadata,jsTestResolvableDependenciesMetadata,webTestResolvableDependenciesMetadata
org.jetbrains.compose.ui:ui-unit-js:1.9.3=jsCompileClasspath,jsRuntimeClasspath,jsTestCompileClasspath,jsTestRuntimeClasspath
org.jetbrains.compose.ui:ui-unit:1.9.3=allSourceSetsCompileDependenciesMetadata,allTestSourceSetsCompileDependenciesMetadata,commonTestResolvableDependenciesMetadata,jsCompileClasspath,jsMainResolvableDependenciesMetadata,jsRuntimeClasspath,jsTestCompileClasspath,jsTestResolvableDependenciesMetadata,jsTestRuntimeClasspath,webTestResolvableDependenciesMetadata
org.jetbrains.compose.ui:ui-util-js:1.9.3=jsCompileClasspath,jsRuntimeClasspath,jsTestCompileClasspath,jsTestRuntimeClasspath
org.jetbrains.compose.ui:ui-util:1.9.3=allSourceSetsCompileDependenciesMetadata,allTestSourceSetsCompileDependenciesMetadata,commonTestResolvableDependenciesMetadata,jsCompileClasspath,jsMainResolvableDependenciesMetadata,jsRuntimeClasspath,jsTestCompileClasspath,jsTestResolvableDependenciesMetadata,jsTestRuntimeClasspath,webTestResolvableDependenciesMetadata
org.jetbrains.compose.ui:ui:1.9.3=allSourceSetsCompileDependenciesMetadata,allTestSourceSetsCompileDependenciesMetadata,commonTestResolvableDependenciesMetadata,jsCompileClasspath,jsMainResolvableDependenciesMetadata,jsRuntimeClasspath,jsTestCompileClasspath,jsTestResolvableDependenciesMetadata,jsTestRuntimeClasspath,webTestResolvableDependenciesMetadata
org.jetbrains.kotlin:abi-tools-api:2.3.0=kotlinInternalAbiValidation
org.jetbrains.kotlin:abi-tools:2.3.0=kotlinInternalAbiValidation
org.jetbrains.kotlin:kotlin-build-tools-api:2.3.0=kotlinBuildToolsApiClasspath
org.jetbrains.kotlin:kotlin-build-tools-compat:2.3.0=kotlinBuildToolsApiClasspath
org.jetbrains.kotlin:kotlin-build-tools-impl:2.3.0=kotlinBuildToolsApiClasspath
org.jetbrains.kotlin:kotlin-compiler-embeddable:2.3.0=kotlinBuildToolsApiClasspath,kotlinCompilerClasspath,kotlinKlibCommonizerClasspath
org.jetbrains.kotlin:kotlin-compiler-runner:2.3.0=kotlinBuildToolsApiClasspath
org.jetbrains.kotlin:kotlin-compose-compiler-plugin-embeddable:2.3.0=kotlinCompilerPluginClasspathJsMain,kotlinCompilerPluginClasspathJsTest,kotlinCompilerPluginClasspathMetadataMain
org.jetbrains.kotlin:kotlin-daemon-client:2.3.0=kotlinBuildToolsApiClasspath
org.jetbrains.kotlin:kotlin-daemon-embeddable:2.3.0=kotlinBuildToolsApiClasspath,kotlinCompilerClasspath,kotlinKlibCommonizerClasspath
org.jetbrains.kotlin:kotlin-dom-api-compat:2.3.0=allSourceSetsCompileDependenciesMetadata,allTestSourceSetsCompileDependenciesMetadata,commonTestResolvableDependenciesMetadata,jsCompileClasspath,jsMainResolvableDependenciesMetadata,jsNpmAggregated,jsRuntimeClasspath,jsTestCompileClasspath,jsTestNpmAggregated,jsTestResolvableDependenciesMetadata,jsTestRuntimeClasspath,webTestResolvableDependenciesMetadata
org.jetbrains.kotlin:kotlin-klib-abi-reader:2.3.0=kotlinInternalAbiValidation
org.jetbrains.kotlin:kotlin-klib-commonizer-embeddable:2.3.0=kotlinKlibCommonizerClasspath
org.jetbrains.kotlin:kotlin-metadata-jvm:2.3.0=kotlinInternalAbiValidation
org.jetbrains.kotlin:kotlin-reflect:1.6.10=kotlinBuildToolsApiClasspath,kotlinCompilerClasspath,kotlinKlibCommonizerClasspath
org.jetbrains.kotlin:kotlin-reflect:2.2.21=allSourceSetsCompileDependenciesMetadata,allTestSourceSetsCompileDependenciesMetadata,commonTestResolvableDependenciesMetadata,jsMainResolvableDependenciesMetadata,jsTestResolvableDependenciesMetadata,webTestResolvableDependenciesMetadata
org.jetbrains.kotlin:kotlin-script-runtime:2.3.0=kotlinBuildToolsApiClasspath,kotlinCompilerClasspath,kotlinCompilerPluginClasspathJsMain,kotlinCompilerPluginClasspathJsTest,kotlinCompilerPluginClasspathMetadataMain,kotlinKlibCommonizerClasspath
org.jetbrains.kotlin:kotlin-scripting-common:2.3.0=kotlinCompilerPluginClasspathJsMain,kotlinCompilerPluginClasspathJsTest,kotlinCompilerPluginClasspathMetadataMain
org.jetbrains.kotlin:kotlin-scripting-compiler-embeddable:2.3.0=kotlinCompilerPluginClasspathJsMain,kotlinCompilerPluginClasspathJsTest,kotlinCompilerPluginClasspathMetadataMain
org.jetbrains.kotlin:kotlin-scripting-compiler-impl-embeddable:2.3.0=kotlinCompilerPluginClasspathJsMain,kotlinCompilerPluginClasspathJsTest,kotlinCompilerPluginClasspathMetadataMain
org.jetbrains.kotlin:kotlin-scripting-jvm:2.3.0=kotlinCompilerPluginClasspathJsMain,kotlinCompilerPluginClasspathJsTest,kotlinCompilerPluginClasspathMetadataMain
org.jetbrains.kotlin:kotlin-serialization-compiler-plugin-embeddable:2.3.0=kotlinCompilerPluginClasspathJsMain,kotlinCompilerPluginClasspathJsTest,kotlinCompilerPluginClasspathMetadataMain
org.jetbrains.kotlin:kotlin-stdlib-common:2.3.0=allSourceSetsCompileDependenciesMetadata,allTestSourceSetsCompileDependenciesMetadata,commonTestResolvableDependenciesMetadata,jsMainResolvableDependenciesMetadata,jsTestResolvableDependenciesMetadata,webTestResolvableDependenciesMetadata
org.jetbrains.kotlin:kotlin-stdlib-js:2.3.0=jsCompileClasspath,jsNpmAggregated,jsRuntimeClasspath,jsTestCompileClasspath,jsTestNpmAggregated,jsTestRuntimeClasspath
org.jetbrains.kotlin:kotlin-stdlib:2.3.0=allSourceSetsCompileDependenciesMetadata,allTestSourceSetsCompileDependenciesMetadata,commonMainResolvableDependenciesMetadata,commonTestResolvableDependenciesMetadata,jsCompileClasspath,jsMainResolvableDependenciesMetadata,jsNpmAggregated,jsRuntimeClasspath,jsTestCompileClasspath,jsTestNpmAggregated,jsTestResolvableDependenciesMetadata,jsTestRuntimeClasspath,kotlinBuildToolsApiClasspath,kotlinCompilerClasspath,kotlinCompilerPluginClasspathJsMain,kotlinCompilerPluginClasspathJsTest,kotlinCompilerPluginClasspathMetadataMain,kotlinInternalAbiValidation,kotlinKlibCommonizerClasspath,metadataCompileClasspath,webMainResolvableDependenciesMetadata,webTestResolvableDependenciesMetadata
org.jetbrains.kotlin:kotlin-tooling-core:2.3.0=kotlinBuildToolsApiClasspath
org.jetbrains.kotlin:kotlinx-atomicfu-runtime:2.1.21=jsRuntimeClasspath,jsTestRuntimeClasspath
org.jetbrains.kotlinx:atomicfu-js:0.29.0=jsCompileClasspath,jsRuntimeClasspath,jsTestCompileClasspath,jsTestRuntimeClasspath
org.jetbrains.kotlinx:atomicfu:0.27.0=allSourceSetsCompileDependenciesMetadata,allTestSourceSetsCompileDependenciesMetadata,commonTestResolvableDependenciesMetadata,jsMainResolvableDependenciesMetadata,jsTestResolvableDependenciesMetadata,webTestResolvableDependenciesMetadata
org.jetbrains.kotlinx:atomicfu:0.29.0=jsCompileClasspath,jsRuntimeClasspath,jsTestCompileClasspath,jsTestRuntimeClasspath
org.jetbrains.kotlinx:kotlinx-browser-js:0.5.0=jsCompileClasspath,jsRuntimeClasspath,jsTestCompileClasspath,jsTestRuntimeClasspath
org.jetbrains.kotlinx:kotlinx-browser:0.5.0=allSourceSetsCompileDependenciesMetadata,allTestSourceSetsCompileDependenciesMetadata,commonTestResolvableDependenciesMetadata,jsCompileClasspath,jsMainResolvableDependenciesMetadata,jsRuntimeClasspath,jsTestCompileClasspath,jsTestResolvableDependenciesMetadata,jsTestRuntimeClasspath,webTestResolvableDependenciesMetadata
org.jetbrains.kotlinx:kotlinx-collections-immutable-js:0.4.0=jsCompileClasspath,jsRuntimeClasspath,jsTestCompileClasspath,jsTestRuntimeClasspath
org.jetbrains.kotlinx:kotlinx-collections-immutable:0.4.0=allSourceSetsCompileDependenciesMetadata,allTestSourceSetsCompileDependenciesMetadata,commonTestResolvableDependenciesMetadata,jsCompileClasspath,jsMainResolvableDependenciesMetadata,jsRuntimeClasspath,jsTestCompileClasspath,jsTestResolvableDependenciesMetadata,jsTestRuntimeClasspath,webTestResolvableDependenciesMetadata
org.jetbrains.kotlinx:kotlinx-coroutines-core-js:1.10.2=jsCompileClasspath,jsRuntimeClasspath,jsTestCompileClasspath,jsTestRuntimeClasspath
org.jetbrains.kotlinx:kotlinx-coroutines-core-jvm:1.8.0=kotlinBuildToolsApiClasspath,kotlinCompilerClasspath,kotlinKlibCommonizerClasspath
org.jetbrains.kotlinx:kotlinx-coroutines-core:1.10.2=allSourceSetsCompileDependenciesMetadata,allTestSourceSetsCompileDependenciesMetadata,commonTestResolvableDependenciesMetadata,jsCompileClasspath,jsMainResolvableDependenciesMetadata,jsRuntimeClasspath,jsTestCompileClasspath,jsTestResolvableDependenciesMetadata,jsTestRuntimeClasspath,webTestResolvableDependenciesMetadata
org.jetbrains.kotlinx:kotlinx-datetime-js:0.7.1=jsCompileClasspath,jsRuntimeClasspath,jsTestCompileClasspath,jsTestRuntimeClasspath
org.jetbrains.kotlinx:kotlinx-datetime:0.7.1=allSourceSetsCompileDependenciesMetadata,allTestSourceSetsCompileDependenciesMetadata,commonTestResolvableDependenciesMetadata,jsCompileClasspath,jsMainResolvableDependenciesMetadata,jsRuntimeClasspath,jsTestCompileClasspath,jsTestResolvableDependenciesMetadata,jsTestRuntimeClasspath,webTestResolvableDependenciesMetadata
org.jetbrains.kotlinx:kotlinx-io-bytestring-js:0.8.0=jsCompileClasspath,jsRuntimeClasspath,jsTestCompileClasspath,jsTestRuntimeClasspath
org.jetbrains.kotlinx:kotlinx-io-bytestring:0.8.0=allSourceSetsCompileDependenciesMetadata,allTestSourceSetsCompileDependenciesMetadata,commonTestResolvableDependenciesMetadata,jsCompileClasspath,jsMainResolvableDependenciesMetadata,jsRuntimeClasspath,jsTestCompileClasspath,jsTestResolvableDependenciesMetadata,jsTestRuntimeClasspath,webTestResolvableDependenciesMetadata
org.jetbrains.kotlinx:kotlinx-io-core-js:0.8.0=jsCompileClasspath,jsRuntimeClasspath,jsTestCompileClasspath,jsTestRuntimeClasspath
org.jetbrains.kotlinx:kotlinx-io-core:0.8.0=allSourceSetsCompileDependenciesMetadata,allTestSourceSetsCompileDependenciesMetadata,commonTestResolvableDependenciesMetadata,jsCompileClasspath,jsMainResolvableDependenciesMetadata,jsRuntimeClasspath,jsTestCompileClasspath,jsTestResolvableDependenciesMetadata,jsTestRuntimeClasspath,webTestResolvableDependenciesMetadata
org.jetbrains.kotlinx:kotlinx-serialization-core-js:1.9.0=jsCompileClasspath,jsRuntimeClasspath,jsTestCompileClasspath,jsTestRuntimeClasspath
org.jetbrains.kotlinx:kotlinx-serialization-core:1.9.0=allSourceSetsCompileDependenciesMetadata,allTestSourceSetsCompileDependenciesMetadata,commonTestResolvableDependenciesMetadata,jsCompileClasspath,jsMainResolvableDependenciesMetadata,jsRuntimeClasspath,jsTestCompileClasspath,jsTestResolvableDependenciesMetadata,jsTestRuntimeClasspath,webTestResolvableDependenciesMetadata
org.jetbrains.kotlinx:kotlinx-serialization-json-io-js:1.9.0=jsCompileClasspath,jsRuntimeClasspath,jsTestCompileClasspath,jsTestRuntimeClasspath
org.jetbrains.kotlinx:kotlinx-serialization-json-io:1.9.0=allSourceSetsCompileDependenciesMetadata,allTestSourceSetsCompileDependenciesMetadata,commonTestResolvableDependenciesMetadata,jsCompileClasspath,jsMainResolvableDependenciesMetadata,jsRuntimeClasspath,jsTestCompileClasspath,jsTestResolvableDependenciesMetadata,jsTestRuntimeClasspath,webTestResolvableDependenciesMetadata
org.jetbrains.kotlinx:kotlinx-serialization-json-js:1.9.0=jsCompileClasspath,jsRuntimeClasspath,jsTestCompileClasspath,jsTestRuntimeClasspath
org.jetbrains.kotlinx:kotlinx-serialization-json:1.9.0=allSourceSetsCompileDependenciesMetadata,allTestSourceSetsCompileDependenciesMetadata,commonTestResolvableDependenciesMetadata,jsCompileClasspath,jsMainResolvableDependenciesMetadata,jsRuntimeClasspath,jsTestCompileClasspath,jsTestResolvableDependenciesMetadata,jsTestRuntimeClasspath,webTestResolvableDependenciesMetadata
org.jetbrains.skiko:skiko-js-wasm-runtime:0.9.22.2=COMPOSE_SKIKO_JS_WASM_RUNTIME
org.jetbrains.skiko:skiko-js:0.9.22.2=jsCompileClasspath,jsRuntimeClasspath,jsTestCompileClasspath,jsTestRuntimeClasspath
org.jetbrains.skiko:skiko:0.9.22.2=allSourceSetsCompileDependenciesMetadata,allTestSourceSetsCompileDependenciesMetadata,commonTestResolvableDependenciesMetadata,jsCompileClasspath,jsMainResolvableDependenciesMetadata,jsRuntimeClasspath,jsTestCompileClasspath,jsTestResolvableDependenciesMetadata,jsTestRuntimeClasspath,webTestResolvableDependenciesMetadata
org.jetbrains:annotations:13.0=kotlinBuildToolsApiClasspath,kotlinCompilerClasspath,kotlinCompilerPluginClasspathJsMain,kotlinCompilerPluginClasspathJsTest,kotlinCompilerPluginClasspathMetadataMain,kotlinInternalAbiValidation,kotlinKlibCommonizerClasspath
org.kotlincrypto.random:crypto-rand-js:0.6.0=jsRuntimeClasspath,jsTestRuntimeClasspath
org.kotlincrypto.random:crypto-rand:0.6.0=allSourceSetsCompileDependenciesMetadata,allTestSourceSetsCompileDependenciesMetadata,commonTestResolvableDependenciesMetadata,jsMainResolvableDependenciesMetadata,jsRuntimeClasspath,jsTestResolvableDependenciesMetadata,jsTestRuntimeClasspath,webTestResolvableDependenciesMetadata
org.kotlincrypto:error-js:0.4.0=jsRuntimeClasspath,jsTestRuntimeClasspath
org.kotlincrypto:error:0.4.0=allSourceSetsCompileDependenciesMetadata,allTestSourceSetsCompileDependenciesMetadata,commonTestResolvableDependenciesMetadata,jsMainResolvableDependenciesMetadata,jsRuntimeClasspath,jsTestResolvableDependenciesMetadata,jsTestRuntimeClasspath,webTestResolvableDependenciesMetadata
empty=commonMainImplementationDependenciesMetadata,commonTestImplementationDependenciesMetadata,jsMainImplementationDependenciesMetadata,jsTestImplementationDependenciesMetadata,kotlinCompilerPluginClasspath,kotlinNativeCompilerPluginClasspath,webMainImplementationDependenciesMetadata,webTestImplementationDependenciesMetadata
